
Microsoft Visual Studio Solution File, Format Version 12.00
# Visual Studio Version 16
VisualStudioVersion = 16.0.31321.278
MinimumVisualStudioVersion = 10.0.40219.1
Project("{9A19103F-16F7-4668-BE54-9A1E7A4F7556}") = "Triangle_Assignment2", "Triangle_Assignment2\Triangle_Assignment2.csproj", "{D1DDDD2F-DA59-4212-98D0-F7970D8332A2}"
EndProject
Project("{FAE04EC0-301F-11D3-BF4B-00C04F79EFBC}") = "TriangleTest", "TriangleTest\TriangleTest.csproj", "{E007099F-B0D6-447E-91EB-133864408226}"
EndProject
Global
	GlobalSection(SolutionConfigurationPlatforms) = preSolution
		Debug|Any CPU = Debug|Any CPU
		Release|Any CPU = Release|Any CPU
	EndGlobalSection
	GlobalSection(ProjectConfigurationPlatforms) = postSolution
		{D1DDDD2F-DA59-4212-98D0-F7970D8332A2}.Debug|Any CPU.ActiveCfg = Debug|Any CPU
		{D1DDDD2F-DA59-4212-98D0-F7970D8332A2}.Debug|Any CPU.Build.0 = Debug|Any CPU
		{D1DDDD2F-DA59-4212-98D0-F7970D8332A2}.Release|Any CPU.ActiveCfg = Release|Any CPU
		{D1DDDD2F-DA59-4212-98D0-F7970D8332A2}.Release|Any CPU.Build.0 = Release|Any CPU
		{E007099F-B0D6-447E-91EB-133864408226}.Debug|Any CPU.ActiveCfg = Debug|Any CPU
		{E007099F-B0D6-447E-91EB-133864408226}.Debug|Any CPU.Build.0 = Debug|Any CPU
		{E007099F-B0D6-447E-91EB-133864408226}.Release|Any CPU.ActiveCfg = Release|Any CPU
		{E007099F-B0D6-447E-91EB-133864408226}.Release|Any CPU.Build.0 = Release|Any CPU
	EndGlobalSection
	GlobalSection(SolutionProperties) = preSolution
		HideSolutionNode = FALSE
	EndGlobalSection
	GlobalSection(ExtensibilityGlobals) = postSolution
		SolutionGuid = {9B0398C3-CDD7-45AE-BE8B-F05C70CAE4C4}
	EndGlobalSection
EndGlobal
